
Microsoft Visual Studio Solution File, Format Version 12.00
# Visual Studio Version 16
VisualStudioVersion = 16.0.31729.503
MinimumVisualStudioVersion = 10.0.40219.1
Project("{FAE04EC0-301F-11D3-BF4B-00C04F79EFBC}") = "Watersystems", "Watersystems\Watersystems.csproj", "{AF29535E-32F1-4E2D-8D15-1715F9CAE472}"
EndProject
Global
	GlobalSection(SolutionConfigurationPlatforms) = preSolution
		Debug|Any CPU = Debug|Any CPU
		Release|Any CPU = Release|Any CPU
	EndGlobalSection
	GlobalSection(ProjectConfigurationPlatforms) = postSolution
		{AF29535E-32F1-4E2D-8D15-1715F9CAE472}.Debug|Any CPU.ActiveCfg = Debug|Any CPU
		{AF29535E-32F1-4E2D-8D15-1715F9CAE472}.Debug|Any CPU.Build.0 = Debug|Any CPU
		{AF29535E-32F1-4E2D-8D15-1715F9CAE472}.Release|Any CPU.ActiveCfg = Release|Any CPU
		{AF29535E-32F1-4E2D-8D15-1715F9CAE472}.Release|Any CPU.Build.0 = Release|Any CPU
	EndGlobalSection
	GlobalSection(SolutionProperties) = preSolution
		HideSolutionNode = FALSE
	EndGlobalSection
	GlobalSection(ExtensibilityGlobals) = postSolution
		SolutionGuid = {CBF82589-AEA2-4504-A209-FB19DE74433B}
	EndGlobalSection
EndGlobal
